// !$*UTF8*$!
{
	archiveVersion = 1;
	classes = {
	};
	objectVersion = 77;
	objects = {

/* Begin PBXBuildFile section */
		F258D79A2EE8DD9F0008EE52 /* IntegrationTests.swift in Sources */ = {isa = PBXBuildFile; fileRef = F258D7922EE8DD9F0008EE52 /* IntegrationTests.swift */; };
		F258D79C2EE8DD9F0008EE52 /* ProductListViewModelTests.swift in Sources */ = {isa = PBXBuildFile; fileRef = F258D7952EE8DD9F0008EE52 /* ProductListViewModelTests.swift */; };
		F258D79E2EE8DE0A0008EE52 /* MockRepositoryTests.swift in Sources */ = {isa = PBXBuildFile; fileRef = F258D79D2EE8DE0A0008EE52 /* MockRepositoryTests.swift */; };
		F262169C2EE71143005F7C2D /* CacheManager in Frameworks */ = {isa = PBXBuildFile; productRef = F262169B2EE71143005F7C2D /* CacheManager */; };
		F26216A12EE71938005F7C2D /* NetworkEngine in Frameworks */ = {isa = PBXBuildFile; productRef = F26216A02EE71938005F7C2D /* NetworkEngine */; };
		F26216AF2EE7230B005F7C2D /* Localisation in Frameworks */ = {isa = PBXBuildFile; productRef = F26216AE2EE7230B005F7C2D /* Localisation */; };
/* End PBXBuildFile section */

/* Begin PBXContainerItemProxy section */
		F258D77A2EE8D98E0008EE52 /* PBXContainerItemProxy */ = {
			isa = PBXContainerItemProxy;
			containerPortal = F26216842EE70A1D005F7C2D /* Project object */;
			proxyType = 1;
			remoteGlobalIDString = F262168B2EE70A1D005F7C2D;
			remoteInfo = HMProductList;
		};
/* End PBXContainerItemProxy section */

/* Begin PBXFileReference section */
		F258D7762EE8D98E0008EE52 /* HMProductListTests.xctest */ = {isa = PBXFileReference; explicitFileType = wrapper.cfbundle; includeInIndex = 0; path = HMProductListTests.xctest; sourceTree = BUILT_PRODUCTS_DIR; };
		F258D7922EE8DD9F0008EE52 /* IntegrationTests.swift */ = {isa = PBXFileReference; lastKnownFileType = sourcecode.swift; path = IntegrationTests.swift; sourceTree = "<group>"; };
		F258D7952EE8DD9F0008EE52 /* ProductListViewModelTests.swift */ = {isa = PBXFileReference; lastKnownFileType = sourcecode.swift; path = ProductListViewModelTests.swift; sourceTree = "<group>"; };
		F258D79D2EE8DE0A0008EE52 /* MockRepositoryTests.swift */ = {isa = PBXFileReference; lastKnownFileType = sourcecode.swift; path = MockRepositoryTests.swift; sourceTree = "<group>"; };
		F262168C2EE70A1D005F7C2D /* HMProductList.app */ = {isa = PBXFileReference; explicitFileType = wrapper.application; includeInIndex = 0; path = HMProductList.app; sourceTree = BUILT_PRODUCTS_DIR; };
/* End PBXFileReference section */

/* Begin PBXFileSystemSynchronizedRootGroup section */
		F262168E2EE70A1D005F7C2D /* HMProductList */ = {
			isa = PBXFileSystemSynchronizedRootGroup;
			path = HMProductList;
			sourceTree = "<group>";
		};
/* End PBXFileSystemSynchronizedRootGroup section */

/* Begin PBXFrameworksBuildPhase section */
		F258D7732EE8D98E0008EE52 /* Frameworks */ = {
			isa = PBXFrameworksBuildPhase;
			buildActionMask = 2147483647;
			files = (
			);
			runOnlyForDeploymentPostprocessing = 0;
		};
		F26216892EE70A1D005F7C2D /* Frameworks */ = {
			isa = PBXFrameworksBuildPhase;
			buildActionMask = 2147483647;
			files = (
				F262169C2EE71143005F7C2D /* CacheManager in Frameworks */,
				F26216A12EE71938005F7C2D /* NetworkEngine in Frameworks */,
				F26216AF2EE7230B005F7C2D /* Localisation in Frameworks */,
			);
			runOnlyForDeploymentPostprocessing = 0;
		};
/* End PBXFrameworksBuildPhase section */

/* Begin PBXGroup section */
		F258D7972EE8DD9F0008EE52 /* HMProductListTests */ = {
			isa = PBXGroup;
			children = (
				F258D7952EE8DD9F0008EE52 /* ProductListViewModelTests.swift */,
				F258D79D2EE8DE0A0008EE52 /* MockRepositoryTests.swift */,
				F258D7922EE8DD9F0008EE52 /* IntegrationTests.swift */,
			);
			path = HMProductListTests;
			sourceTree = "<group>";
		};
		F26216832EE70A1D005F7C2D = {
			isa = PBXGroup;
			children = (
				F262168E2EE70A1D005F7C2D /* HMProductList */,
				F258D7972EE8DD9F0008EE52 /* HMProductListTests */,
				F262169F2EE71938005F7C2D /* Frameworks */,
				F262168D2EE70A1D005F7C2D /* Products */,
			);
			sourceTree = "<group>";
		};
		F262168D2EE70A1D005F7C2D /* Products */ = {
			isa = PBXGroup;
			children = (
				F262168C2EE70A1D005F7C2D /* HMProductList.app */,
				F258D7762EE8D98E0008EE52 /* HMProductListTests.xctest */,
			);
			name = Products;
			sourceTree = "<group>";
		};
		F262169F2EE71938005F7C2D /* Frameworks */ = {
			isa = PBXGroup;
			children = (
			);
			name = Frameworks;
			sourceTree = "<group>";
		};
/* End PBXGroup section */

/* Begin PBXNativeTarget section */
		F258D7752EE8D98E0008EE52 /* HMProductListTests */ = {
			isa = PBXNativeTarget;
			buildConfigurationList = F258D77C2EE8D98E0008EE52 /* Build configuration list for PBXNativeTarget "HMProductListTests" */;
			buildPhases = (
				F258D7722EE8D98E0008EE52 /* Sources */,
				F258D7732EE8D98E0008EE52 /* Frameworks */,
				F258D7742EE8D98E0008EE52 /* Resources */,
			);
			buildRules = (
			);
			dependencies = (
				F258D77B2EE8D98E0008EE52 /* PBXTargetDependency */,
			);
			name = HMProductListTests;
			packageProductDependencies = (
			);
			productName = HMProductListTests;
			productReference = F258D7762EE8D98E0008EE52 /* HMProductListTests.xctest */;
			productType = "com.apple.product-type.bundle.unit-test";
		};
		F262168B2EE70A1D005F7C2D /* HMProductList */ = {
			isa = PBXNativeTarget;
			buildConfigurationList = F26216972EE70A1E005F7C2D /* Build configuration list for PBXNativeTarget "HMProductList" */;
			buildPhases = (
				F26216882EE70A1D005F7C2D /* Sources */,
				F26216892EE70A1D005F7C2D /* Frameworks */,
				F262168A2EE70A1D005F7C2D /* Resources */,
			);
			buildRules = (
			);
			dependencies = (
			);
			fileSystemSynchronizedGroups = (
				F262168E2EE70A1D005F7C2D /* HMProductList */,
			);
			name = HMProductList;
			packageProductDependencies = (
				F262169B2EE71143005F7C2D /* CacheManager */,
				F26216A02EE71938005F7C2D /* NetworkEngine */,
				F26216AE2EE7230B005F7C2D /* Localisation */,
			);
			productName = HMProductList;
			productReference = F262168C2EE70A1D005F7C2D /* HMProductList.app */;
			productType = "com.apple.product-type.application";
		};
/* End PBXNativeTarget section */

/* Begin PBXProject section */
		F26216842EE70A1D005F7C2D /* Project object */ = {
			isa = PBXProject;
			attributes = {
				BuildIndependentTargetsInParallel = 1;
				LastSwiftUpdateCheck = 2610;
				LastUpgradeCheck = 2610;
				TargetAttributes = {
					F258D7752EE8D98E0008EE52 = {
						CreatedOnToolsVersion = 26.1.1;
						TestTargetID = F262168B2EE70A1D005F7C2D;
					};
					F262168B2EE70A1D005F7C2D = {
						CreatedOnToolsVersion = 26.1.1;
					};
				};
			};
			buildConfigurationList = F26216872EE70A1D005F7C2D /* Build configuration list for PBXProject "HMProductList" */;
			developmentRegion = en;
			hasScannedForEncodings = 0;
			knownRegions = (
				en,
				Base,
			);
			mainGroup = F26216832EE70A1D005F7C2D;
			minimizedProjectReferenceProxies = 1;
			packageReferences = (
				F262169A2EE71143005F7C2D /* XCLocalSwiftPackageReference "../DataManager" */,
				F26216AD2EE7230B005F7C2D /* XCLocalSwiftPackageReference "../Localisation" */,
			);
			preferredProjectObjectVersion = 77;
			productRefGroup = F262168D2EE70A1D005F7C2D /* Products */;
			projectDirPath = "";
			projectRoot = "";
			targets = (
				F262168B2EE70A1D005F7C2D /* HMProductList */,
				F258D7752EE8D98E0008EE52 /* HMProductListTests */,
			);
		};
/* End PBXProject section */

/* Begin PBXResourcesBuildPhase section */
		F258D7742EE8D98E0008EE52 /* Resources */ = {
			isa = PBXResourcesBuildPhase;
			buildActionMask = 2147483647;
			files = (
			);
			runOnlyForDeploymentPostprocessing = 0;
		};
		F262168A2EE70A1D005F7C2D /* Resources */ = {
			isa = PBXResourcesBuildPhase;
			buildActionMask = 2147483647;
			files = (
			);
			runOnlyForDeploymentPostprocessing = 0;
		};
/* End PBXResourcesBuildPhase section */

/* Begin PBXSourcesBuildPhase section */
		F258D7722EE8D98E0008EE52 /* Sources */ = {
			isa = PBXSourcesBuildPhase;
			buildActionMask = 2147483647;
			files = (
				F258D79A2EE8DD9F0008EE52 /* IntegrationTests.swift in Sources */,
				F258D79E2EE8DE0A0008EE52 /* MockRepositoryTests.swift in Sources */,
				F258D79C2EE8DD9F0008EE52 /* ProductListViewModelTests.swift in Sources */,
			);
			runOnlyForDeploymentPostprocessing = 0;
		};
		F26216882EE70A1D005F7C2D /* Sources */ = {
			isa = PBXSourcesBuildPhase;
			buildActionMask = 2147483647;
			files = (
			);
			runOnlyForDeploymentPostprocessing = 0;
		};
/* End PBXSourcesBuildPhase section */

/* Begin PBXTargetDependency section */
		F258D77B2EE8D98E0008EE52 /* PBXTargetDependency */ = {
			isa = PBXTargetDependency;
			target = F262168B2EE70A1D005F7C2D /* HMProductList */;
			targetProxy = F258D77A2EE8D98E0008EE52 /* PBXContainerItemProxy */;
		};
/* End PBXTargetDependency section */

/* Begin XCBuildConfiguration section */
		F258D77D2EE8D98E0008EE52 /* Debug */ = {
			isa = XCBuildConfiguration;
			buildSettings = {
				BUNDLE_LOADER = "$(TEST_HOST)";
				CODE_SIGN_STYLE = Automatic;
				CURRENT_PROJECT_VERSION = 1;
				DEVELOPMENT_TEAM = NGTPXG2STB;
				GENERATE_INFOPLIST_FILE = YES;
				IPHONEOS_DEPLOYMENT_TARGET = 17.6;
				MARKETING_VERSION = 1.0;
				PRODUCT_BUNDLE_IDENTIFIER = com.hm.productList.HMProductListTests;
				PRODUCT_NAME = "$(TARGET_NAME)";
				STRING_CATALOG_GENERATE_SYMBOLS = NO;
				SWIFT_APPROACHABLE_CONCURRENCY = YES;
				SWIFT_EMIT_LOC_STRINGS = NO;
				SWIFT_UPCOMING_FEATURE_MEMBER_IMPORT_VISIBILITY = YES;
				SWIFT_VERSION = 5.0;
				TARGETED_DEVICE_FAMILY = "1,2";
				TEST_HOST = "$(BUILT_PRODUCTS_DIR)/HMProductList.app/$(BUNDLE_EXECUTABLE_FOLDER_PATH)/HMProductList";
			};
			name = Debug;
		};
		F258D77E2EE8D98E0008EE52 /* Release */ = {
			isa = XCBuildConfiguration;
			buildSettings = {
				BUNDLE_LOADER = "$(TEST_HOST)";
				CODE_SIGN_STYLE = Automatic;
				CURRENT_PROJECT_VERSION = 1;
				DEVELOPMENT_TEAM = NGTPXG2STB;
				GENERATE_INFOPLIST_FILE = YES;
				IPHONEOS_DEPLOYMENT_TARGET = 17.6;
				MARKETING_VERSION = 1.0;
				PRODUCT_BUNDLE_IDENTIFIER = com.hm.productList.HMProductListTests;
				PRODUCT_NAME = "$(TARGET_NAME)";
				STRING_CATALOG_GENERATE_SYMBOLS = NO;
				SWIFT_APPROACHABLE_CONCURRENCY = YES;
				SWIFT_EMIT_LOC_STRINGS = NO;
				SWIFT_UPCOMING_FEATURE_MEMBER_IMPORT_VISIBILITY = YES;
				SWIFT_VERSION = 5.0;
				TARGETED_DEVICE_FAMILY = "1,2";
				TEST_HOST = "$(BUILT_PRODUCTS_DIR)/HMProductList.app/$(BUNDLE_EXECUTABLE_FOLDER_PATH)/HMProductList";
			};
			name = Release;
		};
		F26216952EE70A1E005F7C2D /* Debug */ = {
			isa = XCBuildConfiguration;
			buildSettings = {
				ALWAYS_SEARCH_USER_PATHS = NO;
				ASSETCATALOG_COMPILER_GENERATE_SWIFT_ASSET_SYMBOL_EXTENSIONS = YES;
				CLANG_ANALYZER_NONNULL = YES;
				CLANG_ANALYZER_NUMBER_OBJECT_CONVERSION = YES_AGGRESSIVE;
				CLANG_CXX_LANGUAGE_STANDARD = "gnu++20";
				CLANG_ENABLE_MODULES = YES;
				CLANG_ENABLE_OBJC_ARC = YES;
				CLANG_ENABLE_OBJC_WEAK = YES;
				CLANG_WARN_BLOCK_CAPTURE_AUTORELEASING = YES;
				CLANG_WARN_BOOL_CONVERSION = YES;
				CLANG_WARN_COMMA = YES;
				CLANG_WARN_CONSTANT_CONVERSION = YES;
				CLANG_WARN_DEPRECATED_OBJC_IMPLEMENTATIONS = YES;
				CLANG_WARN_DIRECT_OBJC_ISA_USAGE = YES_ERROR;
				CLANG_WARN_DOCUMENTATION_COMMENTS = YES;
				CLANG_WARN_EMPTY_BODY = YES;
				CLANG_WARN_ENUM_CONVERSION = YES;
				CLANG_WARN_INFINITE_RECURSION = YES;
				CLANG_WARN_INT_CONVERSION = YES;
				CLANG_WARN_NON_LITERAL_NULL_CONVERSION = YES;
				CLANG_WARN_OBJC_IMPLICIT_RETAIN_SELF = YES;
				CLANG_WARN_OBJC_LITERAL_CONVERSION = YES;
				CLANG_WARN_OBJC_ROOT_CLASS = YES_ERROR;
				CLANG_WARN_QUOTED_INCLUDE_IN_FRAMEWORK_HEADER = YES;
				CLANG_WARN_RANGE_LOOP_ANALYSIS = YES;
				CLANG_WARN_STRICT_PROTOTYPES = YES;
				CLANG_WARN_SUSPICIOUS_MOVE = YES;
				CLANG_WARN_UNGUARDED_AVAILABILITY = YES_AGGRESSIVE;
				CLANG_WARN_UNREACHABLE_CODE = YES;
				CLANG_WARN__DUPLICATE_METHOD_MATCH = YES;
				COPY_PHASE_STRIP = NO;
				DEBUG_INFORMATION_FORMAT = dwarf;
				DEVELOPMENT_TEAM = NGTPXG2STB;
				ENABLE_STRICT_OBJC_MSGSEND = YES;
				ENABLE_TESTABILITY = YES;
				ENABLE_USER_SCRIPT_SANDBOXING = YES;
				GCC_C_LANGUAGE_STANDARD = gnu17;
				GCC_DYNAMIC_NO_PIC = NO;
				GCC_NO_COMMON_BLOCKS = YES;
				GCC_OPTIMIZATION_LEVEL = 0;
				GCC_PREPROCESSOR_DEFINITIONS = (
					"DEBUG=1",
					"$(inherited)",
				);
				GCC_WARN_64_TO_32_BIT_CONVERSION = YES;
				GCC_WARN_ABOUT_RETURN_TYPE = YES_ERROR;
				GCC_WARN_UNDECLARED_SELECTOR = YES;
				GCC_WARN_UNINITIALIZED_AUTOS = YES_AGGRESSIVE;
				GCC_WARN_UNUSED_FUNCTION = YES;
				GCC_WARN_UNUSED_VARIABLE = YES;
				IPHONEOS_DEPLOYMENT_TARGET = 26.1;
				LOCALIZATION_PREFERS_STRING_CATALOGS = YES;
				MTL_ENABLE_DEBUG_INFO = INCLUDE_SOURCE;
				MTL_FAST_MATH = YES;
				ONLY_ACTIVE_ARCH = YES;
				SDKROOT = iphoneos;
				SWIFT_ACTIVE_COMPILATION_CONDITIONS = "DEBUG $(inherited)";
				SWIFT_OPTIMIZATION_LEVEL = "-Onone";
			};
			name = Debug;
		};
		F26216962EE70A1E005F7C2D /* Release */ = {
			isa = XCBuildConfiguration;
			buildSettings = {
				ALWAYS_SEARCH_USER_PATHS = NO;
				ASSETCATALOG_COMPILER_GENERATE_SWIFT_ASSET_SYMBOL_EXTENSIONS = YES;
				CLANG_ANALYZER_NONNULL = YES;
				CLANG_ANALYZER_NUMBER_OBJECT_CONVERSION = YES_AGGRESSIVE;
				CLANG_CXX_LANGUAGE_STANDARD = "gnu++20";
				CLANG_ENABLE_MODULES = YES;
				CLANG_ENABLE_OBJC_ARC = YES;
				CLANG_ENABLE_OBJC_WEAK = YES;
				CLANG_WARN_BLOCK_CAPTURE_AUTORELEASING = YES;
				CLANG_WARN_BOOL_CONVERSION = YES;
				CLANG_WARN_COMMA = YES;
				CLANG_WARN_CONSTANT_CONVERSION = YES;
				CLANG_WARN_DEPRECATED_OBJC_IMPLEMENTATIONS = YES;
				CLANG_WARN_DIRECT_OBJC_ISA_USAGE = YES_ERROR;
				CLANG_WARN_DOCUMENTATION_COMMENTS = YES;
				CLANG_WARN_EMPTY_BODY = YES;
				CLANG_WARN_ENUM_CONVERSION = YES;
				CLANG_WARN_INFINITE_RECURSION = YES;
				CLANG_WARN_INT_CONVERSION = YES;
				CLANG_WARN_NON_LITERAL_NULL_CONVERSION = YES;
				CLANG_WARN_OBJC_IMPLICIT_RETAIN_SELF = YES;
				CLANG_WARN_OBJC_LITERAL_CONVERSION = YES;
				CLANG_WARN_OBJC_ROOT_CLASS = YES_ERROR;
				CLANG_WARN_QUOTED_INCLUDE_IN_FRAMEWORK_HEADER = YES;
				CLANG_WARN_RANGE_LOOP_ANALYSIS = YES;
				CLANG_WARN_STRICT_PROTOTYPES = YES;
				CLANG_WARN_SUSPICIOUS_MOVE = YES;
				CLANG_WARN_UNGUARDED_AVAILABILITY = YES_AGGRESSIVE;
				CLANG_WARN_UNREACHABLE_CODE = YES;
				CLANG_WARN__DUPLICATE_METHOD_MATCH = YES;
				COPY_PHASE_STRIP = NO;
				DEBUG_INFORMATION_FORMAT = "dwarf-with-dsym";
				DEVELOPMENT_TEAM = NGTPXG2STB;
				ENABLE_NS_ASSERTIONS = NO;
				ENABLE_STRICT_OBJC_MSGSEND = YES;
				ENABLE_USER_SCRIPT_SANDBOXING = YES;
				GCC_C_LANGUAGE_STANDARD = gnu17;
				GCC_NO_COMMON_BLOCKS = YES;
				GCC_WARN_64_TO_32_BIT_CONVERSION = YES;
				GCC_WARN_ABOUT_RETURN_TYPE = YES_ERROR;
				GCC_WARN_UNDECLARED_SELECTOR = YES;
				GCC_WARN_UNINITIALIZED_AUTOS = YES_AGGRESSIVE;
				GCC_WARN_UNUSED_FUNCTION = YES;
				GCC_WARN_UNUSED_VARIABLE = YES;
				IPHONEOS_DEPLOYMENT_TARGET = 26.1;
				LOCALIZATION_PREFERS_STRING_CATALOGS = YES;
				MTL_ENABLE_DEBUG_INFO = NO;
				MTL_FAST_MATH = YES;
				SDKROOT = iphoneos;
				SWIFT_COMPILATION_MODE = wholemodule;
				VALIDATE_PRODUCT = YES;
			};
			name = Release;
		};
		F26216982EE70A1E005F7C2D /* Debug */ = {
			isa = XCBuildConfiguration;
			buildSettings = {
				ASSETCATALOG_COMPILER_APPICON_NAME = AppIcon;
				ASSETCATALOG_COMPILER_GLOBAL_ACCENT_COLOR_NAME = AccentColor;
				CODE_SIGN_STYLE = Automatic;
				CURRENT_PROJECT_VERSION = 1;
				DEVELOPMENT_TEAM = NGTPXG2STB;
				ENABLE_PREVIEWS = YES;
				GENERATE_INFOPLIST_FILE = YES;
				INFOPLIST_KEY_UIApplicationSceneManifest_Generation = YES;
				INFOPLIST_KEY_UIApplicationSupportsIndirectInputEvents = YES;
				INFOPLIST_KEY_UILaunchScreen_Generation = YES;
				INFOPLIST_KEY_UISupportedInterfaceOrientations_iPad = "UIInterfaceOrientationPortrait UIInterfaceOrientationPortraitUpsideDown UIInterfaceOrientationLandscapeLeft UIInterfaceOrientationLandscapeRight";
				INFOPLIST_KEY_UISupportedInterfaceOrientations_iPhone = "UIInterfaceOrientationPortrait UIInterfaceOrientationLandscapeLeft UIInterfaceOrientationLandscapeRight";
				IPHONEOS_DEPLOYMENT_TARGET = 17.6;
				LD_RUNPATH_SEARCH_PATHS = (
					"$(inherited)",
					"@executable_path/Frameworks",
				);
				MARKETING_VERSION = 1.0;
				PRODUCT_BUNDLE_IDENTIFIER = com.hm.productList;
				PRODUCT_NAME = "$(TARGET_NAME)";
				STRING_CATALOG_GENERATE_SYMBOLS = YES;
				SWIFT_APPROACHABLE_CONCURRENCY = YES;
				SWIFT_DEFAULT_ACTOR_ISOLATION = MainActor;
				SWIFT_EMIT_LOC_STRINGS = YES;
				SWIFT_UPCOMING_FEATURE_MEMBER_IMPORT_VISIBILITY = YES;
				SWIFT_VERSION = 5.0;
				TARGETED_DEVICE_FAMILY = "1,2";
			};
			name = Debug;
		};
		F26216992EE70A1E005F7C2D /* Release */ = {
			isa = XCBuildConfiguration;
			buildSettings = {
				ASSETCATALOG_COMPILER_APPICON_NAME = AppIcon;
				ASSETCATALOG_COMPILER_GLOBAL_ACCENT_COLOR_NAME = AccentColor;
				CODE_SIGN_STYLE = Automatic;
				CURRENT_PROJECT_VERSION = 1;
				DEVELOPMENT_TEAM = NGTPXG2STB;
				ENABLE_PREVIEWS = YES;
				GENERATE_INFOPLIST_FILE = YES;
				INFOPLIST_KEY_UIApplicationSceneManifest_Generation = YES;
				INFOPLIST_KEY_UIApplicationSupportsIndirectInputEvents = YES;
				INFOPLIST_KEY_UILaunchScreen_Generation = YES;
				INFOPLIST_KEY_UISupportedInterfaceOrientations_iPad = "UIInterfaceOrientationPortrait UIInterfaceOrientationPortraitUpsideDown UIInterfaceOrientationLandscapeLeft UIInterfaceOrientationLandscapeRight";
				INFOPLIST_KEY_UISupportedInterfaceOrientations_iPhone = "UIInterfaceOrientationPortrait UIInterfaceOrientationLandscapeLeft UIInterfaceOrientationLandscapeRight";
				IPHONEOS_DEPLOYMENT_TARGET = 17.6;
				LD_RUNPATH_SEARCH_PATHS = (
					"$(inherited)",
					"@executable_path/Frameworks",
				);
				MARKETING_VERSION = 1.0;
				PRODUCT_BUNDLE_IDENTIFIER = com.hm.productList;
				PRODUCT_NAME = "$(TARGET_NAME)";
				STRING_CATALOG_GENERATE_SYMBOLS = YES;
				SWIFT_APPROACHABLE_CONCURRENCY = YES;
				SWIFT_DEFAULT_ACTOR_ISOLATION = MainActor;
				SWIFT_EMIT_LOC_STRINGS = YES;
				SWIFT_UPCOMING_FEATURE_MEMBER_IMPORT_VISIBILITY = YES;
				SWIFT_VERSION = 5.0;
				TARGETED_DEVICE_FAMILY = "1,2";
			};
			name = Release;
		};
/* End XCBuildConfiguration section */

/* Begin XCConfigurationList section */
		F258D77C2EE8D98E0008EE52 /* Build configuration list for PBXNativeTarget "HMProductListTests" */ = {
			isa = XCConfigurationList;
			buildConfigurations = (
				F258D77D2EE8D98E0008EE52 /* Debug */,
				F258D77E2EE8D98E0008EE52 /* Release */,
			);
			defaultConfigurationIsVisible = 0;
			defaultConfigurationName = Release;
		};
		F26216872EE70A1D005F7C2D /* Build configuration list for PBXProject "HMProductList" */ = {
			isa = XCConfigurationList;
			buildConfigurations = (
				F26216952EE70A1E005F7C2D /* Debug */,
				F26216962EE70A1E005F7C2D /* Release */,
			);
			defaultConfigurationIsVisible = 0;
			defaultConfigurationName = Release;
		};
		F26216972EE70A1E005F7C2D /* Build configuration list for PBXNativeTarget "HMProductList" */ = {
			isa = XCConfigurationList;
			buildConfigurations = (
				F26216982EE70A1E005F7C2D /* Debug */,
				F26216992EE70A1E005F7C2D /* Release */,
			);
			defaultConfigurationIsVisible = 0;
			defaultConfigurationName = Release;
		};
/* End XCConfigurationList section */

/* Begin XCLocalSwiftPackageReference section */
		F262169A2EE71143005F7C2D /* XCLocalSwiftPackageReference "../DataManager" */ = {
			isa = XCLocalSwiftPackageReference;
			relativePath = ../DataManager;
		};
		F26216AD2EE7230B005F7C2D /* XCLocalSwiftPackageReference "../Localisation" */ = {
			isa = XCLocalSwiftPackageReference;
			relativePath = ../Localisation;
		};
/* End XCLocalSwiftPackageReference section */

/* Begin XCSwiftPackageProductDependency section */
		F262169B2EE71143005F7C2D /* CacheManager */ = {
			isa = XCSwiftPackageProductDependency;
			productName = CacheManager;
		};
		F26216A02EE71938005F7C2D /* NetworkEngine */ = {
			isa = XCSwiftPackageProductDependency;
			package = F262169A2EE71143005F7C2D /* XCLocalSwiftPackageReference "../DataManager" */;
			productName = NetworkEngine;
		};
		F26216AE2EE7230B005F7C2D /* Localisation */ = {
			isa = XCSwiftPackageProductDependency;
			productName = Localisation;
		};
/* End XCSwiftPackageProductDependency section */
	};
	rootObject = F26216842EE70A1D005F7C2D /* Project object */;
}
